
Microsoft Visual Studio Solution File, Format Version 12.00
# Visual Studio Version 16
VisualStudioVersion = 16.0.31019.35
MinimumVisualStudioVersion = 10.0.40219.1
Project("{9A19103F-16F7-4668-BE54-9A1E7A4F7556}") = "Eins.TransportEntities", "Eins.TransportEntities\Eins.TransportEntities.csproj", "{C9ACAEDF-3A12-48E8-95CE-C69516152C7B}"
EndProject
Project("{9A19103F-16F7-4668-BE54-9A1E7A4F7556}") = "Eins.GameSocket.Test", "Eins.GameSocket.Test\Eins.GameSocket.Test.csproj", "{7CA54335-DB77-45A9-A668-8313FF15CBD2}"
EndProject
Project("{9A19103F-16F7-4668-BE54-9A1E7A4F7556}") = "Eins.GameSocket", "Eins.GameSocket\Eins.GameSocket.csproj", "{1B932733-2EA5-4260-AAA5-9301985DD7DB}"
EndProject
Project("{FAE04EC0-301F-11D3-BF4B-00C04F79EFBC}") = "Eins.TestGUI", "Eins.TestGUI\Eins.TestGUI.csproj", "{E546E21C-3072-44D2-B8E0-5442039F9809}"
EndProject
Global
	GlobalSection(SolutionConfigurationPlatforms) = preSolution
		Debug|Any CPU = Debug|Any CPU
		Release|Any CPU = Release|Any CPU
	EndGlobalSection
	GlobalSection(ProjectConfigurationPlatforms) = postSolution
		{C9ACAEDF-3A12-48E8-95CE-C69516152C7B}.Debug|Any CPU.ActiveCfg = Debug|Any CPU
		{C9ACAEDF-3A12-48E8-95CE-C69516152C7B}.Debug|Any CPU.Build.0 = Debug|Any CPU
		{C9ACAEDF-3A12-48E8-95CE-C69516152C7B}.Release|Any CPU.ActiveCfg = Release|Any CPU
		{C9ACAEDF-3A12-48E8-95CE-C69516152C7B}.Release|Any CPU.Build.0 = Release|Any CPU
		{7CA54335-DB77-45A9-A668-8313FF15CBD2}.Debug|Any CPU.ActiveCfg = Debug|Any CPU
		{7CA54335-DB77-45A9-A668-8313FF15CBD2}.Debug|Any CPU.Build.0 = Debug|Any CPU
		{7CA54335-DB77-45A9-A668-8313FF15CBD2}.Release|Any CPU.ActiveCfg = Release|Any CPU
		{7CA54335-DB77-45A9-A668-8313FF15CBD2}.Release|Any CPU.Build.0 = Release|Any CPU
		{1B932733-2EA5-4260-AAA5-9301985DD7DB}.Debug|Any CPU.ActiveCfg = Debug|Any CPU
		{1B932733-2EA5-4260-AAA5-9301985DD7DB}.Debug|Any CPU.Build.0 = Debug|Any CPU
		{1B932733-2EA5-4260-AAA5-9301985DD7DB}.Release|Any CPU.ActiveCfg = Release|Any CPU
		{1B932733-2EA5-4260-AAA5-9301985DD7DB}.Release|Any CPU.Build.0 = Release|Any CPU
		{E546E21C-3072-44D2-B8E0-5442039F9809}.Debug|Any CPU.ActiveCfg = Debug|Any CPU
		{E546E21C-3072-44D2-B8E0-5442039F9809}.Debug|Any CPU.Build.0 = Debug|Any CPU
		{E546E21C-3072-44D2-B8E0-5442039F9809}.Release|Any CPU.ActiveCfg = Release|Any CPU
		{E546E21C-3072-44D2-B8E0-5442039F9809}.Release|Any CPU.Build.0 = Release|Any CPU
	EndGlobalSection
	GlobalSection(SolutionProperties) = preSolution
		HideSolutionNode = FALSE
	EndGlobalSection
	GlobalSection(ExtensibilityGlobals) = postSolution
		SolutionGuid = {C7DFB1D3-F201-4D60-82AD-EA6B0D50A017}
	EndGlobalSection
EndGlobal
